
Microsoft Visual Studio Solution File, Format Version 12.00
# Visual Studio Version 16
VisualStudioVersion = 16.0.31205.134
MinimumVisualStudioVersion = 10.0.40219.1
Project("{FAE04EC0-301F-11D3-BF4B-00C04F79EFBC}") = "EmployeeAPI", "EmployeeAPI\EmployeeAPI.csproj", "{EB6AA713-7767-422E-A7D8-9EF3EAE6AEC3}"
EndProject
Global
	GlobalSection(SolutionConfigurationPlatforms) = preSolution
		Debug|Any CPU = Debug|Any CPU
		Release|Any CPU = Release|Any CPU
	EndGlobalSection
	GlobalSection(ProjectConfigurationPlatforms) = postSolution
		{EB6AA713-7767-422E-A7D8-9EF3EAE6AEC3}.Debug|Any CPU.ActiveCfg = Debug|Any CPU
		{EB6AA713-7767-422E-A7D8-9EF3EAE6AEC3}.Debug|Any CPU.Build.0 = Debug|Any CPU
		{EB6AA713-7767-422E-A7D8-9EF3EAE6AEC3}.Release|Any CPU.ActiveCfg = Release|Any CPU
		{EB6AA713-7767-422E-A7D8-9EF3EAE6AEC3}.Release|Any CPU.Build.0 = Release|Any CPU
	EndGlobalSection
	GlobalSection(SolutionProperties) = preSolution
		HideSolutionNode = FALSE
	EndGlobalSection
	GlobalSection(ExtensibilityGlobals) = postSolution
		SolutionGuid = {3D61798A-E0BD-442F-A626-200C4B51A14F}
	EndGlobalSection
EndGlobal
